
Microsoft Visual Studio Solution File, Format Version 12.00
# Visual Studio Version 17
VisualStudioVersion = 17.14.37111.16 d17.14
MinimumVisualStudioVersion = 10.0.40219.1
Project("{FAE04EC0-301F-11D3-BF4B-00C04F79EFBC}") = "ProductClientHub.API", "ProductClientHub.API\ProductClientHub.API.csproj", "{DE2512B7-48D8-4C0F-B47B-C89BC796E3DC}"
EndProject
Project("{FAE04EC0-301F-11D3-BF4B-00C04F79EFBC}") = "ProductClientHub.Communication", "ProductClientHub.Communication\ProductClientHub.Communication.csproj", "{F4D9104A-8F65-4802-9BD4-9EE5D50243A6}"
EndProject
Project("{FAE04EC0-301F-11D3-BF4B-00C04F79EFBC}") = "ProductClientHub.Exceptions", "ProductClientHub.Exceptions\ProductClientHub.Exceptions.csproj", "{5898D0B8-74C3-4FBF-8342-B66E33860C6E}"
EndProject
Global
	GlobalSection(SolutionConfigurationPlatforms) = preSolution
		Debug|Any CPU = Debug|Any CPU
		Release|Any CPU = Release|Any CPU
	EndGlobalSection
	GlobalSection(ProjectConfigurationPlatforms) = postSolution
		{DE2512B7-48D8-4C0F-B47B-C89BC796E3DC}.Debug|Any CPU.ActiveCfg = Debug|Any CPU
		{DE2512B7-48D8-4C0F-B47B-C89BC796E3DC}.Debug|Any CPU.Build.0 = Debug|Any CPU
		{DE2512B7-48D8-4C0F-B47B-C89BC796E3DC}.Release|Any CPU.ActiveCfg = Release|Any CPU
		{DE2512B7-48D8-4C0F-B47B-C89BC796E3DC}.Release|Any CPU.Build.0 = Release|Any CPU
		{F4D9104A-8F65-4802-9BD4-9EE5D50243A6}.Debug|Any CPU.ActiveCfg = Debug|Any CPU
		{F4D9104A-8F65-4802-9BD4-9EE5D50243A6}.Debug|Any CPU.Build.0 = Debug|Any CPU
		{F4D9104A-8F65-4802-9BD4-9EE5D50243A6}.Release|Any CPU.ActiveCfg = Release|Any CPU
		{F4D9104A-8F65-4802-9BD4-9EE5D50243A6}.Release|Any CPU.Build.0 = Release|Any CPU
		{5898D0B8-74C3-4FBF-8342-B66E33860C6E}.Debug|Any CPU.ActiveCfg = Debug|Any CPU
		{5898D0B8-74C3-4FBF-8342-B66E33860C6E}.Debug|Any CPU.Build.0 = Debug|Any CPU
		{5898D0B8-74C3-4FBF-8342-B66E33860C6E}.Release|Any CPU.ActiveCfg = Release|Any CPU
		{5898D0B8-74C3-4FBF-8342-B66E33860C6E}.Release|Any CPU.Build.0 = Release|Any CPU
	EndGlobalSection
	GlobalSection(SolutionProperties) = preSolution
		HideSolutionNode = FALSE
	EndGlobalSection
	GlobalSection(ExtensibilityGlobals) = postSolution
		SolutionGuid = {A9762D39-2714-4FC8-AFE7-13B52697841F}
	EndGlobalSection
EndGlobal
