
Microsoft Visual Studio Solution File, Format Version 12.00
# Visual Studio Version 17
VisualStudioVersion = 17.13.35825.156 d17.13
MinimumVisualStudioVersion = 10.0.40219.1
Project("{FAE04EC0-301F-11D3-BF4B-00C04F79EFBC}") = "ProjetoOO_12", "ProjetoOO_12\ProjetoOO_12.csproj", "{A3886997-AECF-432E-8B54-41A85B632D84}"
EndProject
Global
	GlobalSection(SolutionConfigurationPlatforms) = preSolution
		Debug|Any CPU = Debug|Any CPU
		Release|Any CPU = Release|Any CPU
	EndGlobalSection
	GlobalSection(ProjectConfigurationPlatforms) = postSolution
		{A3886997-AECF-432E-8B54-41A85B632D84}.Debug|Any CPU.ActiveCfg = Debug|Any CPU
		{A3886997-AECF-432E-8B54-41A85B632D84}.Debug|Any CPU.Build.0 = Debug|Any CPU
		{A3886997-AECF-432E-8B54-41A85B632D84}.Release|Any CPU.ActiveCfg = Release|Any CPU
		{A3886997-AECF-432E-8B54-41A85B632D84}.Release|Any CPU.Build.0 = Release|Any CPU
	EndGlobalSection
	GlobalSection(SolutionProperties) = preSolution
		HideSolutionNode = FALSE
	EndGlobalSection
	GlobalSection(ExtensibilityGlobals) = postSolution
		SolutionGuid = {A1C9A39D-597F-4C91-B15C-B337BF2343D6}
	EndGlobalSection
EndGlobal
