
Microsoft Visual Studio Solution File, Format Version 12.00
# Visual Studio Version 17
VisualStudioVersion = 17.13.35825.156 d17.13
MinimumVisualStudioVersion = 10.0.40219.1
Project("{FAE04EC0-301F-11D3-BF4B-00C04F79EFBC}") = "ProjetoOO_9", "ProjetoOO_9\ProjetoOO_9.csproj", "{C52239C2-679A-409C-8E58-38E01C4F7321}"
EndProject
Global
	GlobalSection(SolutionConfigurationPlatforms) = preSolution
		Debug|Any CPU = Debug|Any CPU
		Release|Any CPU = Release|Any CPU
	EndGlobalSection
	GlobalSection(ProjectConfigurationPlatforms) = postSolution
		{C52239C2-679A-409C-8E58-38E01C4F7321}.Debug|Any CPU.ActiveCfg = Debug|Any CPU
		{C52239C2-679A-409C-8E58-38E01C4F7321}.Debug|Any CPU.Build.0 = Debug|Any CPU
		{C52239C2-679A-409C-8E58-38E01C4F7321}.Release|Any CPU.ActiveCfg = Release|Any CPU
		{C52239C2-679A-409C-8E58-38E01C4F7321}.Release|Any CPU.Build.0 = Release|Any CPU
	EndGlobalSection
	GlobalSection(SolutionProperties) = preSolution
		HideSolutionNode = FALSE
	EndGlobalSection
	GlobalSection(ExtensibilityGlobals) = postSolution
		SolutionGuid = {DE441A67-E059-42FE-8232-84AA51F24017}
	EndGlobalSection
EndGlobal
