
Microsoft Visual Studio Solution File, Format Version 12.00
# Visual Studio Version 17
VisualStudioVersion = 17.14.37111.16 d17.14
MinimumVisualStudioVersion = 10.0.40219.1
Project("{FAE04EC0-301F-11D3-BF4B-00C04F79EFBC}") = "4POO", "4POO\4POO.csproj", "{BFECC057-0047-440D-947A-532784F88F9B}"
EndProject
Global
	GlobalSection(SolutionConfigurationPlatforms) = preSolution
		Debug|Any CPU = Debug|Any CPU
		Release|Any CPU = Release|Any CPU
	EndGlobalSection
	GlobalSection(ProjectConfigurationPlatforms) = postSolution
		{BFECC057-0047-440D-947A-532784F88F9B}.Debug|Any CPU.ActiveCfg = Debug|Any CPU
		{BFECC057-0047-440D-947A-532784F88F9B}.Debug|Any CPU.Build.0 = Debug|Any CPU
		{BFECC057-0047-440D-947A-532784F88F9B}.Release|Any CPU.ActiveCfg = Release|Any CPU
		{BFECC057-0047-440D-947A-532784F88F9B}.Release|Any CPU.Build.0 = Release|Any CPU
	EndGlobalSection
	GlobalSection(SolutionProperties) = preSolution
		HideSolutionNode = FALSE
	EndGlobalSection
	GlobalSection(ExtensibilityGlobals) = postSolution
		SolutionGuid = {CD361BCF-A157-4AB1-9FD0-FCF1DBB04287}
	EndGlobalSection
EndGlobal
