
Microsoft Visual Studio Solution File, Format Version 12.00
# Visual Studio Version 17
VisualStudioVersion = 17.13.35825.156 d17.13
MinimumVisualStudioVersion = 10.0.40219.1
Project("{FAE04EC0-301F-11D3-BF4B-00C04F79EFBC}") = "ProjetoOO_2", "ProjetoOO_2\ProjetoOO_2.csproj", "{479415B6-06B0-43C9-8EBA-7DEEFBA816B0}"
EndProject
Global
	GlobalSection(SolutionConfigurationPlatforms) = preSolution
		Debug|Any CPU = Debug|Any CPU
		Release|Any CPU = Release|Any CPU
	EndGlobalSection
	GlobalSection(ProjectConfigurationPlatforms) = postSolution
		{479415B6-06B0-43C9-8EBA-7DEEFBA816B0}.Debug|Any CPU.ActiveCfg = Debug|Any CPU
		{479415B6-06B0-43C9-8EBA-7DEEFBA816B0}.Debug|Any CPU.Build.0 = Debug|Any CPU
		{479415B6-06B0-43C9-8EBA-7DEEFBA816B0}.Release|Any CPU.ActiveCfg = Release|Any CPU
		{479415B6-06B0-43C9-8EBA-7DEEFBA816B0}.Release|Any CPU.Build.0 = Release|Any CPU
	EndGlobalSection
	GlobalSection(SolutionProperties) = preSolution
		HideSolutionNode = FALSE
	EndGlobalSection
	GlobalSection(ExtensibilityGlobals) = postSolution
		SolutionGuid = {199DF0D1-0BDE-4011-9A3E-F410FBBF85FC}
	EndGlobalSection
EndGlobal
