
Microsoft Visual Studio Solution File, Format Version 12.00
# Visual Studio Version 17
VisualStudioVersion = 17.13.35825.156 d17.13
MinimumVisualStudioVersion = 10.0.40219.1
Project("{FAE04EC0-301F-11D3-BF4B-00C04F79EFBC}") = "PrimeiroProjeto", "PrimeiroProjeto\PrimeiroProjeto.csproj", "{0DA5F5C8-3F10-4EF2-896C-FDD94908CAEB}"
EndProject
Global
	GlobalSection(SolutionConfigurationPlatforms) = preSolution
		Debug|Any CPU = Debug|Any CPU
		Release|Any CPU = Release|Any CPU
	EndGlobalSection
	GlobalSection(ProjectConfigurationPlatforms) = postSolution
		{0DA5F5C8-3F10-4EF2-896C-FDD94908CAEB}.Debug|Any CPU.ActiveCfg = Debug|Any CPU
		{0DA5F5C8-3F10-4EF2-896C-FDD94908CAEB}.Debug|Any CPU.Build.0 = Debug|Any CPU
		{0DA5F5C8-3F10-4EF2-896C-FDD94908CAEB}.Release|Any CPU.ActiveCfg = Release|Any CPU
		{0DA5F5C8-3F10-4EF2-896C-FDD94908CAEB}.Release|Any CPU.Build.0 = Release|Any CPU
	EndGlobalSection
	GlobalSection(SolutionProperties) = preSolution
		HideSolutionNode = FALSE
	EndGlobalSection
	GlobalSection(ExtensibilityGlobals) = postSolution
		SolutionGuid = {6A4A7314-199D-41DF-A46E-3EA4DBD9D182}
	EndGlobalSection
EndGlobal
